
Microsoft Visual Studio Solution File, Format Version 12.00
# Visual Studio Version 17
VisualStudioVersion = 17.11.35327.3
MinimumVisualStudioVersion = 10.0.40219.1
Project("{9A19103F-16F7-4668-BE54-9A1E7A4F7556}") = "HelpDesk.Management.Api", "HelpDesk.Management.Api\HelpDesk.Management.Api.csproj", "{5E716280-29F6-4400-8284-95C6FBF3E251}"
EndProject
Project("{9A19103F-16F7-4668-BE54-9A1E7A4F7556}") = "HelpDesk.Management.Domain", "HelpDesk.Management.Domain\HelpDesk.Management.Domain.csproj", "{7C77D7B4-981A-46A9-9926-5345875CC83D}"
EndProject
Project("{9A19103F-16F7-4668-BE54-9A1E7A4F7556}") = "HelpDesk.Management.Application", "HelpDesk.Management.Application\HelpDesk.Management.Application.csproj", "{B47B7805-3EAE-41A8-846B-6DB511A33272}"
EndProject
Project("{FAE04EC0-301F-11D3-BF4B-00C04F79EFBC}") = "HelpDesk.Management.Infrastructure", "HelpDesk.Management.Infrastructure\HelpDesk.Management.Infrastructure.csproj", "{7B2D4169-3D2E-4A39-830A-C5C919DB04CD}"
EndProject
Global
	GlobalSection(SolutionConfigurationPlatforms) = preSolution
		Debug|Any CPU = Debug|Any CPU
		Release|Any CPU = Release|Any CPU
	EndGlobalSection
	GlobalSection(ProjectConfigurationPlatforms) = postSolution
		{5E716280-29F6-4400-8284-95C6FBF3E251}.Debug|Any CPU.ActiveCfg = Debug|Any CPU
		{5E716280-29F6-4400-8284-95C6FBF3E251}.Debug|Any CPU.Build.0 = Debug|Any CPU
		{5E716280-29F6-4400-8284-95C6FBF3E251}.Release|Any CPU.ActiveCfg = Release|Any CPU
		{5E716280-29F6-4400-8284-95C6FBF3E251}.Release|Any CPU.Build.0 = Release|Any CPU
		{7C77D7B4-981A-46A9-9926-5345875CC83D}.Debug|Any CPU.ActiveCfg = Debug|Any CPU
		{7C77D7B4-981A-46A9-9926-5345875CC83D}.Debug|Any CPU.Build.0 = Debug|Any CPU
		{7C77D7B4-981A-46A9-9926-5345875CC83D}.Release|Any CPU.ActiveCfg = Release|Any CPU
		{7C77D7B4-981A-46A9-9926-5345875CC83D}.Release|Any CPU.Build.0 = Release|Any CPU
		{B47B7805-3EAE-41A8-846B-6DB511A33272}.Debug|Any CPU.ActiveCfg = Debug|Any CPU
		{B47B7805-3EAE-41A8-846B-6DB511A33272}.Debug|Any CPU.Build.0 = Debug|Any CPU
		{B47B7805-3EAE-41A8-846B-6DB511A33272}.Release|Any CPU.ActiveCfg = Release|Any CPU
		{B47B7805-3EAE-41A8-846B-6DB511A33272}.Release|Any CPU.Build.0 = Release|Any CPU
		{7B2D4169-3D2E-4A39-830A-C5C919DB04CD}.Debug|Any CPU.ActiveCfg = Debug|Any CPU
		{7B2D4169-3D2E-4A39-830A-C5C919DB04CD}.Debug|Any CPU.Build.0 = Debug|Any CPU
		{7B2D4169-3D2E-4A39-830A-C5C919DB04CD}.Release|Any CPU.ActiveCfg = Release|Any CPU
		{7B2D4169-3D2E-4A39-830A-C5C919DB04CD}.Release|Any CPU.Build.0 = Release|Any CPU
	EndGlobalSection
	GlobalSection(SolutionProperties) = preSolution
		HideSolutionNode = FALSE
	EndGlobalSection
	GlobalSection(ExtensibilityGlobals) = postSolution
		SolutionGuid = {4A152596-6084-400A-BC88-1DD0674D131C}
	EndGlobalSection
EndGlobal
