Microsoft Visual Studio Solution File, Format Version 12.00
# Visual Studio Version 17
VisualStudioVersion = 17.11.35327.3
MinimumVisualStudioVersion = 10.0.40219.1
Project("{2150E333-8FDC-42A3-9474-1A3956D46DE8}") = "src", "src", "{E8E7E4B9-D3A1-4F1B-A7AF-9D2C2F45A248}"
EndProject
Project("{2150E333-8FDC-42A3-9474-1A3956D46DE8}") = "tests", "tests", "{F8E7E4B9-D3A1-4F1B-A7AF-9D2C2F45A249}"
EndProject
Project("{9A19103F-16F7-4668-BE54-9A1E7A4F7556}") = "HelpDesk.Management.Api.Tests", "tests\HelpDesk.Management.Api.Tests\HelpDesk.Management.Api.Tests.csproj", "{1E716280-29F6-4400-8284-95C6FBF3E252}"
EndProject
Project("{9A19103F-16F7-4668-BE54-9A1E7A4F7556}") = "HelpDesk.Management.Application.Tests", "tests\HelpDesk.Management.Application.Tests\HelpDesk.Management.Application.Tests.csproj", "{2E716280-29F6-4400-8284-95C6FBF3E253}"
EndProject
Project("{9A19103F-16F7-4668-BE54-9A1E7A4F7556}") = "HelpDesk.Management.Domain.Tests", "tests\HelpDesk.Management.Domain.Tests\HelpDesk.Management.Domain.Tests.csproj", "{3E716280-29F6-4400-8284-95C6FBF3E254}"
EndProject
Project("{9A19103F-16F7-4668-BE54-9A1E7A4F7556}") = "HelpDesk.Management.Infrastructure.Tests", "tests\HelpDesk.Management.Infrastructure.Tests\HelpDesk.Management.Infrastructure.Tests.csproj", "{4E716280-29F6-4400-8284-95C6FBF3E255}"
EndProject
Project("{9A19103F-16F7-4668-BE54-9A1E7A4F7556}") = "HelpDesk.Management.Api", "src\HelpDesk.Management.Api\HelpDesk.Management.Api.csproj", "{203E6169-ADA7-4EA3-A008-677E74E721F6}"
EndProject
Project("{9A19103F-16F7-4668-BE54-9A1E7A4F7556}") = "HelpDesk.Management.Application", "src\HelpDesk.Management.Application\HelpDesk.Management.Application.csproj", "{A4190A1D-9755-44DA-A9D8-1F4DC1A4DA9C}"
EndProject
Project("{9A19103F-16F7-4668-BE54-9A1E7A4F7556}") = "HelpDesk.Management.Domain", "src\HelpDesk.Management.Domain\HelpDesk.Management.Domain.csproj", "{9CBBBAC5-0DBD-4FF8-8C06-5C5127E67FE0}"
EndProject
Project("{9A19103F-16F7-4668-BE54-9A1E7A4F7556}") = "HelpDesk.Management.Infrastructure", "src\HelpDesk.Management.Infrastructure\HelpDesk.Management.Infrastructure.csproj", "{E5B6731E-20D9-45FA-9447-E96816401015}"
EndProject
Global
	GlobalSection(SolutionConfigurationPlatforms) = preSolution
		Debug|Any CPU = Debug|Any CPU
		Release|Any CPU = Release|Any CPU
	EndGlobalSection
	GlobalSection(ProjectConfigurationPlatforms) = postSolution
		{1E716280-29F6-4400-8284-95C6FBF3E252}.Debug|Any CPU.ActiveCfg = Debug|Any CPU
		{1E716280-29F6-4400-8284-95C6FBF3E252}.Debug|Any CPU.Build.0 = Debug|Any CPU
		{1E716280-29F6-4400-8284-95C6FBF3E252}.Release|Any CPU.ActiveCfg = Release|Any CPU
		{1E716280-29F6-4400-8284-95C6FBF3E252}.Release|Any CPU.Build.0 = Release|Any CPU
		{2E716280-29F6-4400-8284-95C6FBF3E253}.Debug|Any CPU.ActiveCfg = Debug|Any CPU
		{2E716280-29F6-4400-8284-95C6FBF3E253}.Debug|Any CPU.Build.0 = Debug|Any CPU
		{2E716280-29F6-4400-8284-95C6FBF3E253}.Release|Any CPU.ActiveCfg = Release|Any CPU
		{2E716280-29F6-4400-8284-95C6FBF3E253}.Release|Any CPU.Build.0 = Release|Any CPU
		{3E716280-29F6-4400-8284-95C6FBF3E254}.Debug|Any CPU.ActiveCfg = Debug|Any CPU
		{3E716280-29F6-4400-8284-95C6FBF3E254}.Debug|Any CPU.Build.0 = Debug|Any CPU
		{3E716280-29F6-4400-8284-95C6FBF3E254}.Release|Any CPU.ActiveCfg = Release|Any CPU
		{3E716280-29F6-4400-8284-95C6FBF3E254}.Release|Any CPU.Build.0 = Release|Any CPU
		{4E716280-29F6-4400-8284-95C6FBF3E255}.Debug|Any CPU.ActiveCfg = Debug|Any CPU
		{4E716280-29F6-4400-8284-95C6FBF3E255}.Debug|Any CPU.Build.0 = Debug|Any CPU
		{4E716280-29F6-4400-8284-95C6FBF3E255}.Release|Any CPU.ActiveCfg = Release|Any CPU
		{4E716280-29F6-4400-8284-95C6FBF3E255}.Release|Any CPU.Build.0 = Release|Any CPU
		{203E6169-ADA7-4EA3-A008-677E74E721F6}.Debug|Any CPU.ActiveCfg = Debug|Any CPU
		{203E6169-ADA7-4EA3-A008-677E74E721F6}.Debug|Any CPU.Build.0 = Debug|Any CPU
		{203E6169-ADA7-4EA3-A008-677E74E721F6}.Release|Any CPU.ActiveCfg = Release|Any CPU
		{203E6169-ADA7-4EA3-A008-677E74E721F6}.Release|Any CPU.Build.0 = Release|Any CPU
		{A4190A1D-9755-44DA-A9D8-1F4DC1A4DA9C}.Debug|Any CPU.ActiveCfg = Debug|Any CPU
		{A4190A1D-9755-44DA-A9D8-1F4DC1A4DA9C}.Debug|Any CPU.Build.0 = Debug|Any CPU
		{A4190A1D-9755-44DA-A9D8-1F4DC1A4DA9C}.Release|Any CPU.ActiveCfg = Release|Any CPU
		{A4190A1D-9755-44DA-A9D8-1F4DC1A4DA9C}.Release|Any CPU.Build.0 = Release|Any CPU
		{9CBBBAC5-0DBD-4FF8-8C06-5C5127E67FE0}.Debug|Any CPU.ActiveCfg = Debug|Any CPU
		{9CBBBAC5-0DBD-4FF8-8C06-5C5127E67FE0}.Debug|Any CPU.Build.0 = Debug|Any CPU
		{9CBBBAC5-0DBD-4FF8-8C06-5C5127E67FE0}.Release|Any CPU.ActiveCfg = Release|Any CPU
		{9CBBBAC5-0DBD-4FF8-8C06-5C5127E67FE0}.Release|Any CPU.Build.0 = Release|Any CPU
		{E5B6731E-20D9-45FA-9447-E96816401015}.Debug|Any CPU.ActiveCfg = Debug|Any CPU
		{E5B6731E-20D9-45FA-9447-E96816401015}.Debug|Any CPU.Build.0 = Debug|Any CPU
		{E5B6731E-20D9-45FA-9447-E96816401015}.Release|Any CPU.ActiveCfg = Release|Any CPU
		{E5B6731E-20D9-45FA-9447-E96816401015}.Release|Any CPU.Build.0 = Release|Any CPU
	EndGlobalSection
	GlobalSection(SolutionProperties) = preSolution
		HideSolutionNode = FALSE
	EndGlobalSection
	GlobalSection(NestedProjects) = preSolution
		{1E716280-29F6-4400-8284-95C6FBF3E252} = {F8E7E4B9-D3A1-4F1B-A7AF-9D2C2F45A249}
		{2E716280-29F6-4400-8284-95C6FBF3E253} = {F8E7E4B9-D3A1-4F1B-A7AF-9D2C2F45A249}
		{3E716280-29F6-4400-8284-95C6FBF3E254} = {F8E7E4B9-D3A1-4F1B-A7AF-9D2C2F45A249}
		{4E716280-29F6-4400-8284-95C6FBF3E255} = {F8E7E4B9-D3A1-4F1B-A7AF-9D2C2F45A249}
		{203E6169-ADA7-4EA3-A008-677E74E721F6} = {E8E7E4B9-D3A1-4F1B-A7AF-9D2C2F45A248}
		{A4190A1D-9755-44DA-A9D8-1F4DC1A4DA9C} = {E8E7E4B9-D3A1-4F1B-A7AF-9D2C2F45A248}
		{9CBBBAC5-0DBD-4FF8-8C06-5C5127E67FE0} = {E8E7E4B9-D3A1-4F1B-A7AF-9D2C2F45A248}
		{E5B6731E-20D9-45FA-9447-E96816401015} = {E8E7E4B9-D3A1-4F1B-A7AF-9D2C2F45A248}
	EndGlobalSection
EndGlobal
